<?xml version="1.0" encoding="utf-8"?>
<Project ToolsVersion="4.0" xmlns="http://schemas.microsoft.com/developer/msbuild/2003">
  <ItemGroup>
    <CudaCompile Include="main.cu" />
  </ItemGroup>
  <ItemGroup>
    <Filter Include="schoolbook">
      <UniqueIdentifier>{029f926a-fb2c-4c49-852f-f95affed437e}</UniqueIdentifier>
    </Filter>
    <Filter Include="slides">
      <UniqueIdentifier>{56d84bc5-1523-4e35-a8cc-44d8fa3b3ca7}</UniqueIdentifier>
    </Filter>
  </ItemGroup>
  <ItemGroup>
    <ClInclude Include="schoolbook\samples_1.h">
      <Filter>schoolbook</Filter>
    </ClInclude>
    <ClInclude Include="schoolbook\samples_2.h">
      <Filter>schoolbook</Filter>
    </ClInclude>
    <ClInclude Include="slides\01_prefixsum.h">
      <Filter>slides</Filter>
    </ClInclude>
    <ClInclude Include="common.h" />
    <ClInclude Include="slides\02_mergesort.h">
      <Filter>slides</Filter>
    </ClInclude>
  </ItemGroup>
</Project>